// !$*UTF8*$!
{
	archiveVersion = 1;
	classes = {
	};
	objectVersion = 50;
	objects = {

/* Begin PBXBuildFile section */
		DE6CFF4ACE594A349368EBC7 /* Pods_Tumblr.framework in Frameworks */ = {isa = PBXBuildFile; fileRef = FFEF3B3E3155EF9BF4521541 /* Pods_Tumblr.framework */; };
		F1677371216304030065E0DE /* PhotoCell.swift in Sources */ = {isa = PBXBuildFile; fileRef = F1677370216304030065E0DE /* PhotoCell.swift */; };
		F1677375216319D20065E0DE /* PhotosViewController.swift in Sources */ = {isa = PBXBuildFile; fileRef = F1677374216319D20065E0DE /* PhotosViewController.swift */; };
		F17AB4CD216BDE4B00BA9D3E /* PhotoDetailsViewController.swift in Sources */ = {isa = PBXBuildFile; fileRef = F17AB4CC216BDE4B00BA9D3E /* PhotoDetailsViewController.swift */; };
		F1DEAF7B2162A81B00727441 /* AppDelegate.swift in Sources */ = {isa = PBXBuildFile; fileRef = F1DEAF7A2162A81B00727441 /* AppDelegate.swift */; };
		F1DEAF802162A81B00727441 /* Main.storyboard in Resources */ = {isa = PBXBuildFile; fileRef = F1DEAF7E2162A81B00727441 /* Main.storyboard */; };
		F1DEAF822162A82100727441 /* Assets.xcassets in Resources */ = {isa = PBXBuildFile; fileRef = F1DEAF812162A82100727441 /* Assets.xcassets */; };
		F1DEAF852162A82100727441 /* LaunchScreen.storyboard in Resources */ = {isa = PBXBuildFile; fileRef = F1DEAF832162A82100727441 /* LaunchScreen.storyboard */; };
		F1DEAF902162A82100727441 /* TumblrTests.swift in Sources */ = {isa = PBXBuildFile; fileRef = F1DEAF8F2162A82100727441 /* TumblrTests.swift */; };
		F1DEAF9B2162A82100727441 /* TumblrUITests.swift in Sources */ = {isa = PBXBuildFile; fileRef = F1DEAF9A2162A82100727441 /* TumblrUITests.swift */; };
/* End PBXBuildFile section */

/* Begin PBXContainerItemProxy section */
		F1DEAF8C2162A82100727441 /* PBXContainerItemProxy */ = {
			isa = PBXContainerItemProxy;
			containerPortal = F1DEAF6F2162A81B00727441 /* Project object */;
			proxyType = 1;
			remoteGlobalIDString = F1DEAF762162A81B00727441;
			remoteInfo = Tumblr;
		};
		F1DEAF972162A82100727441 /* PBXContainerItemProxy */ = {
			isa = PBXContainerItemProxy;
			containerPortal = F1DEAF6F2162A81B00727441 /* Project object */;
			proxyType = 1;
			remoteGlobalIDString = F1DEAF762162A81B00727441;
			remoteInfo = Tumblr;
		};
/* End PBXContainerItemProxy section */

/* Begin PBXFileReference section */
		587DCC86E267DE5A9DEB6695 /* Pods_TumblrTests.framework */ = {isa = PBXFileReference; explicitFileType = wrapper.framework; includeInIndex = 0; path = Pods_TumblrTests.framework; sourceTree = BUILT_PRODUCTS_DIR; };
		776C2D46C2779E746EE32596 /* Pods_TumblrUITests.framework */ = {isa = PBXFileReference; explicitFileType = wrapper.framework; includeInIndex = 0; path = Pods_TumblrUITests.framework; sourceTree = BUILT_PRODUCTS_DIR; };
		ABD06B3EFC6378DDD8C19152 /* Pods-Tumblr.release.xcconfig */ = {isa = PBXFileReference; includeInIndex = 1; lastKnownFileType = text.xcconfig; name = "Pods-Tumblr.release.xcconfig"; path = "Pods/Target Support Files/Pods-Tumblr/Pods-Tumblr.release.xcconfig"; sourceTree = "<group>"; };
		CF438AD8BA1A7E72D8C8942D /* Pods-Tumblr.debug.xcconfig */ = {isa = PBXFileReference; includeInIndex = 1; lastKnownFileType = text.xcconfig; name = "Pods-Tumblr.debug.xcconfig"; path = "Pods/Target Support Files/Pods-Tumblr/Pods-Tumblr.debug.xcconfig"; sourceTree = "<group>"; };
		F1677370216304030065E0DE /* PhotoCell.swift */ = {isa = PBXFileReference; lastKnownFileType = sourcecode.swift; path = PhotoCell.swift; sourceTree = "<group>"; };
		F1677374216319D20065E0DE /* PhotosViewController.swift */ = {isa = PBXFileReference; lastKnownFileType = sourcecode.swift; name = PhotosViewController.swift; path = "View Controllers/PhotosViewController.swift"; sourceTree = "<group>"; };
		F17AB4CC216BDE4B00BA9D3E /* PhotoDetailsViewController.swift */ = {isa = PBXFileReference; lastKnownFileType = sourcecode.swift; name = PhotoDetailsViewController.swift; path = ../PhotoDetailsViewController.swift; sourceTree = "<group>"; };
		F1DEAF772162A81B00727441 /* Tumblr.app */ = {isa = PBXFileReference; explicitFileType = wrapper.application; includeInIndex = 0; path = Tumblr.app; sourceTree = BUILT_PRODUCTS_DIR; };
		F1DEAF7A2162A81B00727441 /* AppDelegate.swift */ = {isa = PBXFileReference; lastKnownFileType = sourcecode.swift; path = AppDelegate.swift; sourceTree = "<group>"; };
		F1DEAF7F2162A81B00727441 /* Base */ = {isa = PBXFileReference; lastKnownFileType = file.storyboard; name = Base; path = Base.lproj/Main.storyboard; sourceTree = "<group>"; };
		F1DEAF812162A82100727441 /* Assets.xcassets */ = {isa = PBXFileReference; lastKnownFileType = folder.assetcatalog; path = Assets.xcassets; sourceTree = "<group>"; };
		F1DEAF842162A82100727441 /* Base */ = {isa = PBXFileReference; lastKnownFileType = file.storyboard; name = Base; path = Base.lproj/LaunchScreen.storyboard; sourceTree = "<group>"; };
		F1DEAF862162A82100727441 /* Info.plist */ = {isa = PBXFileReference; lastKnownFileType = text.plist.xml; path = Info.plist; sourceTree = "<group>"; };
		F1DEAF8B2162A82100727441 /* TumblrTests.xctest */ = {isa = PBXFileReference; explicitFileType = wrapper.cfbundle; includeInIndex = 0; path = TumblrTests.xctest; sourceTree = BUILT_PRODUCTS_DIR; };
		F1DEAF8F2162A82100727441 /* TumblrTests.swift */ = {isa = PBXFileReference; lastKnownFileType = sourcecode.swift; path = TumblrTests.swift; sourceTree = "<group>"; };
		F1DEAF912162A82100727441 /* Info.plist */ = {isa = PBXFileReference; lastKnownFileType = text.plist.xml; path = Info.plist; sourceTree = "<group>"; };
		F1DEAF962162A82100727441 /* TumblrUITests.xctest */ = {isa = PBXFileReference; explicitFileType = wrapper.cfbundle; includeInIndex = 0; path = TumblrUITests.xctest; sourceTree = BUILT_PRODUCTS_DIR; };
		F1DEAF9A2162A82100727441 /* TumblrUITests.swift */ = {isa = PBXFileReference; lastKnownFileType = sourcecode.swift; path = TumblrUITests.swift; sourceTree = "<group>"; };
		F1DEAF9C2162A82100727441 /* Info.plist */ = {isa = PBXFileReference; lastKnownFileType = text.plist.xml; path = Info.plist; sourceTree = "<group>"; };
		FFEF3B3E3155EF9BF4521541 /* Pods_Tumblr.framework */ = {isa = PBXFileReference; explicitFileType = wrapper.framework; includeInIndex = 0; path = Pods_Tumblr.framework; sourceTree = BUILT_PRODUCTS_DIR; };
/* End PBXFileReference section */

/* Begin PBXFrameworksBuildPhase section */
		F1DEAF742162A81B00727441 /* Frameworks */ = {
			isa = PBXFrameworksBuildPhase;
			buildActionMask = 2147483647;
			files = (
				DE6CFF4ACE594A349368EBC7 /* Pods_Tumblr.framework in Frameworks */,
			);
			runOnlyForDeploymentPostprocessing = 0;
		};
		F1DEAF882162A82100727441 /* Frameworks */ = {
			isa = PBXFrameworksBuildPhase;
			buildActionMask = 2147483647;
			files = (
			);
			runOnlyForDeploymentPostprocessing = 0;
		};
		F1DEAF932162A82100727441 /* Frameworks */ = {
			isa = PBXFrameworksBuildPhase;
			buildActionMask = 2147483647;
			files = (
			);
			runOnlyForDeploymentPostprocessing = 0;
		};
/* End PBXFrameworksBuildPhase section */

/* Begin PBXGroup section */
		2303C0B3CA15B86897A55476 /* Pods */ = {
			isa = PBXGroup;
			children = (
				CF438AD8BA1A7E72D8C8942D /* Pods-Tumblr.debug.xcconfig */,
				ABD06B3EFC6378DDD8C19152 /* Pods-Tumblr.release.xcconfig */,
			);
			name = Pods;
			sourceTree = "<group>";
		};
		873ABE6E5AF891721B8D0AC9 /* Frameworks */ = {
			isa = PBXGroup;
			children = (
				FFEF3B3E3155EF9BF4521541 /* Pods_Tumblr.framework */,
				587DCC86E267DE5A9DEB6695 /* Pods_TumblrTests.framework */,
				776C2D46C2779E746EE32596 /* Pods_TumblrUITests.framework */,
			);
			name = Frameworks;
			sourceTree = "<group>";
		};
		F1DEAF6E2162A81B00727441 = {
			isa = PBXGroup;
			children = (
				F1DEAF792162A81B00727441 /* Tumblr */,
				F1DEAF8E2162A82100727441 /* TumblrTests */,
				F1DEAF992162A82100727441 /* TumblrUITests */,
				F1DEAF782162A81B00727441 /* Products */,
				2303C0B3CA15B86897A55476 /* Pods */,
				873ABE6E5AF891721B8D0AC9 /* Frameworks */,
			);
			sourceTree = "<group>";
		};
		F1DEAF782162A81B00727441 /* Products */ = {
			isa = PBXGroup;
			children = (
				F1DEAF772162A81B00727441 /* Tumblr.app */,
				F1DEAF8B2162A82100727441 /* TumblrTests.xctest */,
				F1DEAF962162A82100727441 /* TumblrUITests.xctest */,
			);
			name = Products;
			sourceTree = "<group>";
		};
		F1DEAF792162A81B00727441 /* Tumblr */ = {
			isa = PBXGroup;
			children = (
				F17AB4CC216BDE4B00BA9D3E /* PhotoDetailsViewController.swift */,
				F1DEAF7A2162A81B00727441 /* AppDelegate.swift */,
				F1677374216319D20065E0DE /* PhotosViewController.swift */,
				F1DEAF7E2162A81B00727441 /* Main.storyboard */,
				F1677370216304030065E0DE /* PhotoCell.swift */,
				F1DEAF812162A82100727441 /* Assets.xcassets */,
				F1DEAF832162A82100727441 /* LaunchScreen.storyboard */,
				F1DEAF862162A82100727441 /* Info.plist */,
			);
			path = Tumblr;
			sourceTree = "<group>";
		};
		F1DEAF8E2162A82100727441 /* TumblrTests */ = {
			isa = PBXGroup;
			children = (
				F1DEAF8F2162A82100727441 /* TumblrTests.swift */,
				F1DEAF912162A82100727441 /* Info.plist */,
			);
			path = TumblrTests;
			sourceTree = "<group>";
		};
		F1DEAF992162A82100727441 /* TumblrUITests */ = {
			isa = PBXGroup;
			children = (
				F1DEAF9A2162A82100727441 /* TumblrUITests.swift */,
				F1DEAF9C2162A82100727441 /* Info.plist */,
			);
			path = TumblrUITests;
			sourceTree = "<group>";
		};
/* End PBXGroup section */

/* Begin PBXNativeTarget section */
		F1DEAF762162A81B00727441 /* Tumblr */ = {
			isa = PBXNativeTarget;
			buildConfigurationList = F1DEAF9F2162A82100727441 /* Build configuration list for PBXNativeTarget "Tumblr" */;
			buildPhases = (
				13D67F53BBD6A18857ABE5B4 /* [CP] Check Pods Manifest.lock */,
				F1DEAF732162A81B00727441 /* Sources */,
				F1DEAF742162A81B00727441 /* Frameworks */,
				F1DEAF752162A81B00727441 /* Resources */,
				E7542BC33B880A532EF3BE8B /* [CP] Embed Pods Frameworks */,
			);
			buildRules = (
			);
			dependencies = (
			);
			name = Tumblr;
			productName = Tumblr;
			productReference = F1DEAF772162A81B00727441 /* Tumblr.app */;
			productType = "com.apple.product-type.application";
		};
		F1DEAF8A2162A82100727441 /* TumblrTests */ = {
			isa = PBXNativeTarget;
			buildConfigurationList = F1DEAFA22162A82100727441 /* Build configuration list for PBXNativeTarget "TumblrTests" */;
			buildPhases = (
				F1DEAF872162A82100727441 /* Sources */,
				F1DEAF882162A82100727441 /* Frameworks */,
				F1DEAF892162A82100727441 /* Resources */,
			);
			buildRules = (
			);
			dependencies = (
				F1DEAF8D2162A82100727441 /* PBXTargetDependency */,
			);
			name = TumblrTests;
			productName = TumblrTests;
			productReference = F1DEAF8B2162A82100727441 /* TumblrTests.xctest */;
			productType = "com.apple.product-type.bundle.unit-test";
		};
		F1DEAF952162A82100727441 /* TumblrUITests */ = {
			isa = PBXNativeTarget;
			buildConfigurationList = F1DEAFA52162A82100727441 /* Build configuration list for PBXNativeTarget "TumblrUITests" */;
			buildPhases = (
				F1DEAF922162A82100727441 /* Sources */,
				F1DEAF932162A82100727441 /* Frameworks */,
				F1DEAF942162A82100727441 /* Resources */,
			);
			buildRules = (
			);
			dependencies = (
				F1DEAF982162A82100727441 /* PBXTargetDependency */,
			);
			name = TumblrUITests;
			productName = TumblrUITests;
			productReference = F1DEAF962162A82100727441 /* TumblrUITests.xctest */;
			productType = "com.apple.product-type.bundle.ui-testing";
		};
/* End PBXNativeTarget section */

/* Begin PBXProject section */
		F1DEAF6F2162A81B00727441 /* Project object */ = {
			isa = PBXProject;
			attributes = {
				LastSwiftUpdateCheck = 0940;
				LastUpgradeCheck = 0940;
				ORGANIZATIONNAME = "Christina S.";
				TargetAttributes = {
					F1DEAF762162A81B00727441 = {
						CreatedOnToolsVersion = 9.4.1;
					};
					F1DEAF8A2162A82100727441 = {
						CreatedOnToolsVersion = 9.4.1;
						TestTargetID = F1DEAF762162A81B00727441;
					};
					F1DEAF952162A82100727441 = {
						CreatedOnToolsVersion = 9.4.1;
						TestTargetID = F1DEAF762162A81B00727441;
					};
				};
			};
			buildConfigurationList = F1DEAF722162A81B00727441 /* Build configuration list for PBXProject "Tumblr" */;
			compatibilityVersion = "Xcode 9.3";
			developmentRegion = en;
			hasScannedForEncodings = 0;
			knownRegions = (
				en,
				Base,
			);
			mainGroup = F1DEAF6E2162A81B00727441;
			productRefGroup = F1DEAF782162A81B00727441 /* Products */;
			projectDirPath = "";
			projectRoot = "";
			targets = (
				F1DEAF762162A81B00727441 /* Tumblr */,
				F1DEAF8A2162A82100727441 /* TumblrTests */,
				F1DEAF952162A82100727441 /* TumblrUITests */,
			);
		};
/* End PBXProject section */

/* Begin PBXResourcesBuildPhase section */
		F1DEAF752162A81B00727441 /* Resources */ = {
			isa = PBXResourcesBuildPhase;
			buildActionMask = 2147483647;
			files = (
				F1DEAF852162A82100727441 /* LaunchScreen.storyboard in Resources */,
				F1DEAF822162A82100727441 /* Assets.xcassets in Resources */,
				F1DEAF802162A81B00727441 /* Main.storyboard in Resources */,
			);
			runOnlyForDeploymentPostprocessing = 0;
		};
		F1DEAF892162A82100727441 /* Resources */ = {
			isa = PBXResourcesBuildPhase;
			buildActionMask = 2147483647;
			files = (
			);
			runOnlyForDeploymentPostprocessing = 0;
		};
		F1DEAF942162A82100727441 /* Resources */ = {
			isa = PBXResourcesBuildPhase;
			buildActionMask = 2147483647;
			files = (
			);
			runOnlyForDeploymentPostprocessing = 0;
		};
/* End PBXResourcesBuildPhase section */

/* Begin PBXShellScriptBuildPhase section */
		13D67F53BBD6A18857ABE5B4 /* [CP] Check Pods Manifest.lock */ = {
			isa = PBXShellScriptBuildPhase;
			buildActionMask = 2147483647;
			files = (
			);
			inputPaths = (
				"${PODS_PODFILE_DIR_PATH}/Podfile.lock",
				"${PODS_ROOT}/Manifest.lock",
			);
			name = "[CP] Check Pods Manifest.lock";
			outputPaths = (
				"$(DERIVED_FILE_DIR)/Pods-Tumblr-checkManifestLockResult.txt",
			);
			runOnlyForDeploymentPostprocessing = 0;
			shellPath = /bin/sh;
			shellScript = "diff \"${PODS_PODFILE_DIR_PATH}/Podfile.lock\" \"${PODS_ROOT}/Manifest.lock\" > /dev/null\nif [ $? != 0 ] ; then\n    # print error to STDERR\n    echo \"error: The sandbox is not in sync with the Podfile.lock. Run 'pod install' or update your CocoaPods installation.\" >&2\n    exit 1\nfi\n# This output is used by Xcode 'outputs' to avoid re-running this script phase.\necho \"SUCCESS\" > \"${SCRIPT_OUTPUT_FILE_0}\"\n";
			showEnvVarsInLog = 0;
		};
		E7542BC33B880A532EF3BE8B /* [CP] Embed Pods Frameworks */ = {
			isa = PBXShellScriptBuildPhase;
			buildActionMask = 2147483647;
			files = (
			);
			inputPaths = (
				"${SRCROOT}/Pods/Target Support Files/Pods-Tumblr/Pods-Tumblr-frameworks.sh",
				"${BUILT_PRODUCTS_DIR}/AFNetworking/AFNetworking.framework",
				"${BUILT_PRODUCTS_DIR}/Alamofire/Alamofire.framework",
				"${BUILT_PRODUCTS_DIR}/AlamofireImage/AlamofireImage.framework",
				"${BUILT_PRODUCTS_DIR}/OAuthSwift/OAuthSwift.framework",
				"${BUILT_PRODUCTS_DIR}/OAuthSwiftAlamofire/OAuthSwiftAlamofire.framework",
			);
			name = "[CP] Embed Pods Frameworks";
			outputPaths = (
				"${TARGET_BUILD_DIR}/${FRAMEWORKS_FOLDER_PATH}/AFNetworking.framework",
				"${TARGET_BUILD_DIR}/${FRAMEWORKS_FOLDER_PATH}/Alamofire.framework",
				"${TARGET_BUILD_DIR}/${FRAMEWORKS_FOLDER_PATH}/AlamofireImage.framework",
				"${TARGET_BUILD_DIR}/${FRAMEWORKS_FOLDER_PATH}/OAuthSwift.framework",
				"${TARGET_BUILD_DIR}/${FRAMEWORKS_FOLDER_PATH}/OAuthSwiftAlamofire.framework",
			);
			runOnlyForDeploymentPostprocessing = 0;
			shellPath = /bin/sh;
			shellScript = "\"${SRCROOT}/Pods/Target Support Files/Pods-Tumblr/Pods-Tumblr-frameworks.sh\"\n";
			showEnvVarsInLog = 0;
		};
/* End PBXShellScriptBuildPhase section */

/* Begin PBXSourcesBuildPhase section */
		F1DEAF732162A81B00727441 /* Sources */ = {
			isa = PBXSourcesBuildPhase;
			buildActionMask = 2147483647;
			files = (
				F17AB4CD216BDE4B00BA9D3E /* PhotoDetailsViewController.swift in Sources */,
				F1677375216319D20065E0DE /* PhotosViewController.swift in Sources */,
				F1DEAF7B2162A81B00727441 /* AppDelegate.swift in Sources */,
				F1677371216304030065E0DE /* PhotoCell.swift in Sources */,
			);
			runOnlyForDeploymentPostprocessing = 0;
		};
		F1DEAF872162A82100727441 /* Sources */ = {
			isa = PBXSourcesBuildPhase;
			buildActionMask = 2147483647;
			files = (
				F1DEAF902162A82100727441 /* TumblrTests.swift in Sources */,
			);
			runOnlyForDeploymentPostprocessing = 0;
		};
		F1DEAF922162A82100727441 /* Sources */ = {
			isa = PBXSourcesBuildPhase;
			buildActionMask = 2147483647;
			files = (
				F1DEAF9B2162A82100727441 /* TumblrUITests.swift in Sources */,
			);
			runOnlyForDeploymentPostprocessing = 0;
		};
/* End PBXSourcesBuildPhase section */

/* Begin PBXTargetDependency section */
		F1DEAF8D2162A82100727441 /* PBXTargetDependency */ = {
			isa = PBXTargetDependency;
			target = F1DEAF762162A81B00727441 /* Tumblr */;
			targetProxy = F1DEAF8C2162A82100727441 /* PBXContainerItemProxy */;
		};
		F1DEAF982162A82100727441 /* PBXTargetDependency */ = {
			isa = PBXTargetDependency;
			target = F1DEAF762162A81B00727441 /* Tumblr */;
			targetProxy = F1DEAF972162A82100727441 /* PBXContainerItemProxy */;
		};
/* End PBXTargetDependency section */

/* Begin PBXVariantGroup section */
		F1DEAF7E2162A81B00727441 /* Main.storyboard */ = {
			isa = PBXVariantGroup;
			children = (
				F1DEAF7F2162A81B00727441 /* Base */,
			);
			name = Main.storyboard;
			sourceTree = "<group>";
		};
		F1DEAF832162A82100727441 /* LaunchScreen.storyboard */ = {
			isa = PBXVariantGroup;
			children = (
				F1DEAF842162A82100727441 /* Base */,
			);
			name = LaunchScreen.storyboard;
			sourceTree = "<group>";
		};
/* End PBXVariantGroup section */

/* Begin XCBuildConfiguration section */
		F1DEAF9D2162A82100727441 /* Debug */ = {
			isa = XCBuildConfiguration;
			buildSettings = {
				ALWAYS_SEARCH_USER_PATHS = NO;
				CLANG_ANALYZER_NONNULL = YES;
				CLANG_ANALYZER_NUMBER_OBJECT_CONVERSION = YES_AGGRESSIVE;
				CLANG_CXX_LANGUAGE_STANDARD = "gnu++14";
				CLANG_CXX_LIBRARY = "libc++";
				CLANG_ENABLE_MODULES = YES;
				CLANG_ENABLE_OBJC_ARC = YES;
				CLANG_ENABLE_OBJC_WEAK = YES;
				CLANG_WARN_BLOCK_CAPTURE_AUTORELEASING = YES;
				CLANG_WARN_BOOL_CONVERSION = YES;
				CLANG_WARN_COMMA = YES;
				CLANG_WARN_CONSTANT_CONVERSION = YES;
				CLANG_WARN_DEPRECATED_OBJC_IMPLEMENTATIONS = YES;
				CLANG_WARN_DIRECT_OBJC_ISA_USAGE = YES_ERROR;
				CLANG_WARN_DOCUMENTATION_COMMENTS = YES;
				CLANG_WARN_EMPTY_BODY = YES;
				CLANG_WARN_ENUM_CONVERSION = YES;
				CLANG_WARN_INFINITE_RECURSION = YES;
				CLANG_WARN_INT_CONVERSION = YES;
				CLANG_WARN_NON_LITERAL_NULL_CONVERSION = YES;
				CLANG_WARN_OBJC_IMPLICIT_RETAIN_SELF = YES;
				CLANG_WARN_OBJC_LITERAL_CONVERSION = YES;
				CLANG_WARN_OBJC_ROOT_CLASS = YES_ERROR;
				CLANG_WARN_RANGE_LOOP_ANALYSIS = YES;
				CLANG_WARN_STRICT_PROTOTYPES = YES;
				CLANG_WARN_SUSPICIOUS_MOVE = YES;
				CLANG_WARN_UNGUARDED_AVAILABILITY = YES_AGGRESSIVE;
				CLANG_WARN_UNREACHABLE_CODE = YES;
				CLANG_WARN__DUPLICATE_METHOD_MATCH = YES;
				CODE_SIGN_IDENTITY = "iPhone Developer";
				COPY_PHASE_STRIP = NO;
				DEBUG_INFORMATION_FORMAT = dwarf;
				ENABLE_STRICT_OBJC_MSGSEND = YES;
				ENABLE_TESTABILITY = YES;
				GCC_C_LANGUAGE_STANDARD = gnu11;
				GCC_DYNAMIC_NO_PIC = NO;
				GCC_NO_COMMON_BLOCKS = YES;
				GCC_OPTIMIZATION_LEVEL = 0;
				GCC_PREPROCESSOR_DEFINITIONS = (
					"DEBUG=1",
					"$(inherited)",
				);
				GCC_WARN_64_TO_32_BIT_CONVERSION = YES;
				GCC_WARN_ABOUT_RETURN_TYPE = YES_ERROR;
				GCC_WARN_UNDECLARED_SELECTOR = YES;
				GCC_WARN_UNINITIALIZED_AUTOS = YES_AGGRESSIVE;
				GCC_WARN_UNUSED_FUNCTION = YES;
				GCC_WARN_UNUSED_VARIABLE = YES;
				IPHONEOS_DEPLOYMENT_TARGET = 11.4;
				MTL_ENABLE_DEBUG_INFO = YES;
				ONLY_ACTIVE_ARCH = YES;
				SDKROOT = iphoneos;
				SWIFT_ACTIVE_COMPILATION_CONDITIONS = DEBUG;
				SWIFT_OPTIMIZATION_LEVEL = "-Onone";
			};
			name = Debug;
		};
		F1DEAF9E2162A82100727441 /* Release */ = {
			isa = XCBuildConfiguration;
			buildSettings = {
				ALWAYS_SEARCH_USER_PATHS = NO;
				CLANG_ANALYZER_NONNULL = YES;
				CLANG_ANALYZER_NUMBER_OBJECT_CONVERSION = YES_AGGRESSIVE;
				CLANG_CXX_LANGUAGE_STANDARD = "gnu++14";
				CLANG_CXX_LIBRARY = "libc++";
				CLANG_ENABLE_MODULES = YES;
				CLANG_ENABLE_OBJC_ARC = YES;
				CLANG_ENABLE_OBJC_WEAK = YES;
				CLANG_WARN_BLOCK_CAPTURE_AUTORELEASING = YES;
				CLANG_WARN_BOOL_CONVERSION = YES;
				CLANG_WARN_COMMA = YES;
				CLANG_WARN_CONSTANT_CONVERSION = YES;
				CLANG_WARN_DEPRECATED_OBJC_IMPLEMENTATIONS = YES;
				CLANG_WARN_DIRECT_OBJC_ISA_USAGE = YES_ERROR;
				CLANG_WARN_DOCUMENTATION_COMMENTS = YES;
				CLANG_WARN_EMPTY_BODY = YES;
				CLANG_WARN_ENUM_CONVERSION = YES;
				CLANG_WARN_INFINITE_RECURSION = YES;
				CLANG_WARN_INT_CONVERSION = YES;
				CLANG_WARN_NON_LITERAL_NULL_CONVERSION = YES;
				CLANG_WARN_OBJC_IMPLICIT_RETAIN_SELF = YES;
				CLANG_WARN_OBJC_LITERAL_CONVERSION = YES;
				CLANG_WARN_OBJC_ROOT_CLASS = YES_ERROR;
				CLANG_WARN_RANGE_LOOP_ANALYSIS = YES;
				CLANG_WARN_STRICT_PROTOTYPES = YES;
				CLANG_WARN_SUSPICIOUS_MOVE = YES;
				CLANG_WARN_UNGUARDED_AVAILABILITY = YES_AGGRESSIVE;
				CLANG_WARN_UNREACHABLE_CODE = YES;
				CLANG_WARN__DUPLICATE_METHOD_MATCH = YES;
				CODE_SIGN_IDENTITY = "iPhone Developer";
				COPY_PHASE_STRIP = NO;
				DEBUG_INFORMATION_FORMAT = "dwarf-with-dsym";
				ENABLE_NS_ASSERTIONS = NO;
				ENABLE_STRICT_OBJC_MSGSEND = YES;
				GCC_C_LANGUAGE_STANDARD = gnu11;
				GCC_NO_COMMON_BLOCKS = YES;
				GCC_WARN_64_TO_32_BIT_CONVERSION = YES;
				GCC_WARN_ABOUT_RETURN_TYPE = YES_ERROR;
				GCC_WARN_UNDECLARED_SELECTOR = YES;
				GCC_WARN_UNINITIALIZED_AUTOS = YES_AGGRESSIVE;
				GCC_WARN_UNUSED_FUNCTION = YES;
				GCC_WARN_UNUSED_VARIABLE = YES;
				IPHONEOS_DEPLOYMENT_TARGET = 11.4;
				MTL_ENABLE_DEBUG_INFO = NO;
				SDKROOT = iphoneos;
				SWIFT_COMPILATION_MODE = wholemodule;
				SWIFT_OPTIMIZATION_LEVEL = "-O";
				VALIDATE_PRODUCT = YES;
			};
			name = Release;
		};
		F1DEAFA02162A82100727441 /* Debug */ = {
			isa = XCBuildConfiguration;
			baseConfigurationReference = CF438AD8BA1A7E72D8C8942D /* Pods-Tumblr.debug.xcconfig */;
			buildSettings = {
				ASSETCATALOG_COMPILER_APPICON_NAME = AppIcon;
				CODE_SIGN_STYLE = Automatic;
				INFOPLIST_FILE = Tumblr/Info.plist;
				LD_RUNPATH_SEARCH_PATHS = (
					"$(inherited)",
					"@executable_path/Frameworks",
				);
				PRODUCT_BUNDLE_IDENTIFIER = "Christina-Sarcone.Tumblr";
				PRODUCT_NAME = "$(TARGET_NAME)";
				SWIFT_VERSION = 4.0;
				TARGETED_DEVICE_FAMILY = "1,2";
			};
			name = Debug;
		};
		F1DEAFA12162A82100727441 /* Release */ = {
			isa = XCBuildConfiguration;
			baseConfigurationReference = ABD06B3EFC6378DDD8C19152 /* Pods-Tumblr.release.xcconfig */;
			buildSettings = {
				ASSETCATALOG_COMPILER_APPICON_NAME = AppIcon;
				CODE_SIGN_STYLE = Automatic;
				INFOPLIST_FILE = Tumblr/Info.plist;
				LD_RUNPATH_SEARCH_PATHS = (
					"$(inherited)",
					"@executable_path/Frameworks",
				);
				PRODUCT_BUNDLE_IDENTIFIER = "Christina-Sarcone.Tumblr";
				PRODUCT_NAME = "$(TARGET_NAME)";
				SWIFT_VERSION = 4.0;
				TARGETED_DEVICE_FAMILY = "1,2";
			};
			name = Release;
		};
		F1DEAFA32162A82100727441 /* Debug */ = {
			isa = XCBuildConfiguration;
			buildSettings = {
				ALWAYS_EMBED_SWIFT_STANDARD_LIBRARIES = YES;
				BUNDLE_LOADER = "$(TEST_HOST)";
				CODE_SIGN_STYLE = Automatic;
				INFOPLIST_FILE = TumblrTests/Info.plist;
				LD_RUNPATH_SEARCH_PATHS = (
					"$(inherited)",
					"@executable_path/Frameworks",
					"@loader_path/Frameworks",
				);
				PRODUCT_BUNDLE_IDENTIFIER = "Christina-Sarcone.TumblrTests";
				PRODUCT_NAME = "$(TARGET_NAME)";
				SWIFT_VERSION = 4.0;
				TARGETED_DEVICE_FAMILY = "1,2";
				TEST_HOST = "$(BUILT_PRODUCTS_DIR)/Tumblr.app/Tumblr";
			};
			name = Debug;
		};
		F1DEAFA42162A82100727441 /* Release */ = {
			isa = XCBuildConfiguration;
			buildSettings = {
				ALWAYS_EMBED_SWIFT_STANDARD_LIBRARIES = YES;
				BUNDLE_LOADER = "$(TEST_HOST)";
				CODE_SIGN_STYLE = Automatic;
				INFOPLIST_FILE = TumblrTests/Info.plist;
				LD_RUNPATH_SEARCH_PATHS = (
					"$(inherited)",
					"@executable_path/Frameworks",
					"@loader_path/Frameworks",
				);
				PRODUCT_BUNDLE_IDENTIFIER = "Christina-Sarcone.TumblrTests";
				PRODUCT_NAME = "$(TARGET_NAME)";
				SWIFT_VERSION = 4.0;
				TARGETED_DEVICE_FAMILY = "1,2";
				TEST_HOST = "$(BUILT_PRODUCTS_DIR)/Tumblr.app/Tumblr";
			};
			name = Release;
		};
		F1DEAFA62162A82100727441 /* Debug */ = {
			isa = XCBuildConfiguration;
			buildSettings = {
				ALWAYS_EMBED_SWIFT_STANDARD_LIBRARIES = YES;
				CODE_SIGN_STYLE = Automatic;
				INFOPLIST_FILE = TumblrUITests/Info.plist;
				LD_RUNPATH_SEARCH_PATHS = (
					"$(inherited)",
					"@executable_path/Frameworks",
					"@loader_path/Frameworks",
				);
				PRODUCT_BUNDLE_IDENTIFIER = "Christina-Sarcone.TumblrUITests";
				PRODUCT_NAME = "$(TARGET_NAME)";
				SWIFT_VERSION = 4.0;
				TARGETED_DEVICE_FAMILY = "1,2";
				TEST_TARGET_NAME = Tumblr;
			};
			name = Debug;
		};
		F1DEAFA72162A82100727441 /* Release */ = {
			isa = XCBuildConfiguration;
			buildSettings = {
				ALWAYS_EMBED_SWIFT_STANDARD_LIBRARIES = YES;
				CODE_SIGN_STYLE = Automatic;
				INFOPLIST_FILE = TumblrUITests/Info.plist;
				LD_RUNPATH_SEARCH_PATHS = (
					"$(inherited)",
					"@executable_path/Frameworks",
					"@loader_path/Frameworks",
				);
				PRODUCT_BUNDLE_IDENTIFIER = "Christina-Sarcone.TumblrUITests";
				PRODUCT_NAME = "$(TARGET_NAME)";
				SWIFT_VERSION = 4.0;
				TARGETED_DEVICE_FAMILY = "1,2";
				TEST_TARGET_NAME = Tumblr;
			};
			name = Release;
		};
/* End XCBuildConfiguration section */

/* Begin XCConfigurationList section */
		F1DEAF722162A81B00727441 /* Build configuration list for PBXProject "Tumblr" */ = {
			isa = XCConfigurationList;
			buildConfigurations = (
				F1DEAF9D2162A82100727441 /* Debug */,
				F1DEAF9E2162A82100727441 /* Release */,
			);
			defaultConfigurationIsVisible = 0;
			defaultConfigurationName = Release;
		};
		F1DEAF9F2162A82100727441 /* Build configuration list for PBXNativeTarget "Tumblr" */ = {
			isa = XCConfigurationList;
			buildConfigurations = (
				F1DEAFA02162A82100727441 /* Debug */,
				F1DEAFA12162A82100727441 /* Release */,
			);
			defaultConfigurationIsVisible = 0;
			defaultConfigurationName = Release;
		};
		F1DEAFA22162A82100727441 /* Build configuration list for PBXNativeTarget "TumblrTests" */ = {
			isa = XCConfigurationList;
			buildConfigurations = (
				F1DEAFA32162A82100727441 /* Debug */,
				F1DEAFA42162A82100727441 /* Release */,
			);
			defaultConfigurationIsVisible = 0;
			defaultConfigurationName = Release;
		};
		F1DEAFA52162A82100727441 /* Build configuration list for PBXNativeTarget "TumblrUITests" */ = {
			isa = XCConfigurationList;
			buildConfigurations = (
				F1DEAFA62162A82100727441 /* Debug */,
				F1DEAFA72162A82100727441 /* Release */,
			);
			defaultConfigurationIsVisible = 0;
			defaultConfigurationName = Release;
		};
/* End XCConfigurationList section */
	};
	rootObject = F1DEAF6F2162A81B00727441 /* Project object */;
}
